
Microsoft Visual Studio Solution File, Format Version 12.00
# Visual Studio Version 16
VisualStudioVersion = 16.0.30011.22
MinimumVisualStudioVersion = 10.0.40219.1
Project("{888888A0-9F3D-457C-B088-3A5042F75D52}") = "SnakeController", "SnakeController\SnakeController.pyproj", "{4E97F075-47C5-46E3-AD6A-B3BA548E703A}"
EndProject
Global
	GlobalSection(SolutionConfigurationPlatforms) = preSolution
		Debug|Any CPU = Debug|Any CPU
		Release|Any CPU = Release|Any CPU
	EndGlobalSection
	GlobalSection(ProjectConfigurationPlatforms) = postSolution
		{4E97F075-47C5-46E3-AD6A-B3BA548E703A}.Debug|Any CPU.ActiveCfg = Debug|Any CPU
		{4E97F075-47C5-46E3-AD6A-B3BA548E703A}.Release|Any CPU.ActiveCfg = Release|Any CPU
	EndGlobalSection
	GlobalSection(SolutionProperties) = preSolution
		HideSolutionNode = FALSE
	EndGlobalSection
	GlobalSection(ExtensibilityGlobals) = postSolution
		SolutionGuid = {73341C23-A30F-4D6A-9096-0DAB2E1EB070}
	EndGlobalSection
EndGlobal
